
Microsoft Visual Studio Solution File, Format Version 12.00
# Visual Studio Version 17
VisualStudioVersion = 17.9.34714.143
MinimumVisualStudioVersion = 10.0.40219.1
Project("{8BC9CEB8-8B4A-11D0-8D11-00A0C91BC942}") = "Doom Rendering", "Doom Rendering.vcxproj", "{6336F006-DC74-44E4-8698-7497FB8CB2C6}"
EndProject
Global
	GlobalSection(SolutionConfigurationPlatforms) = preSolution
		Debug|x64 = Debug|x64
		Debug|x86 = Debug|x86
		RelDbgInfo|x64 = RelDbgInfo|x64
		RelDbgInfo|x86 = RelDbgInfo|x86
		Release|x64 = Release|x64
		Release|x86 = Release|x86
		RelSSE|x64 = RelSSE|x64
		RelSSE|x86 = RelSSE|x86
	EndGlobalSection
	GlobalSection(ProjectConfigurationPlatforms) = postSolution
		{6336F006-DC74-44E4-8698-7497FB8CB2C6}.Debug|x64.ActiveCfg = Debug|x64
		{6336F006-DC74-44E4-8698-7497FB8CB2C6}.Debug|x64.Build.0 = Debug|x64
		{6336F006-DC74-44E4-8698-7497FB8CB2C6}.Debug|x86.ActiveCfg = Debug|Win32
		{6336F006-DC74-44E4-8698-7497FB8CB2C6}.Debug|x86.Build.0 = Debug|Win32
		{6336F006-DC74-44E4-8698-7497FB8CB2C6}.RelDbgInfo|x64.ActiveCfg = RelDbgInfo|x64
		{6336F006-DC74-44E4-8698-7497FB8CB2C6}.RelDbgInfo|x64.Build.0 = RelDbgInfo|x64
		{6336F006-DC74-44E4-8698-7497FB8CB2C6}.RelDbgInfo|x86.ActiveCfg = RelDbgInfo|Win32
		{6336F006-DC74-44E4-8698-7497FB8CB2C6}.RelDbgInfo|x86.Build.0 = RelDbgInfo|Win32
		{6336F006-DC74-44E4-8698-7497FB8CB2C6}.Release|x64.ActiveCfg = Release|x64
		{6336F006-DC74-44E4-8698-7497FB8CB2C6}.Release|x64.Build.0 = Release|x64
		{6336F006-DC74-44E4-8698-7497FB8CB2C6}.Release|x86.ActiveCfg = Release|Win32
		{6336F006-DC74-44E4-8698-7497FB8CB2C6}.Release|x86.Build.0 = Release|Win32
		{6336F006-DC74-44E4-8698-7497FB8CB2C6}.RelSSE|x64.ActiveCfg = RelSSE|x64
		{6336F006-DC74-44E4-8698-7497FB8CB2C6}.RelSSE|x64.Build.0 = RelSSE|x64
		{6336F006-DC74-44E4-8698-7497FB8CB2C6}.RelSSE|x86.ActiveCfg = RelSSE|Win32
		{6336F006-DC74-44E4-8698-7497FB8CB2C6}.RelSSE|x86.Build.0 = RelSSE|Win32
	EndGlobalSection
	GlobalSection(SolutionProperties) = preSolution
		HideSolutionNode = FALSE
	EndGlobalSection
	GlobalSection(ExtensibilityGlobals) = postSolution
		SolutionGuid = {8876F824-D930-4A92-8099-8A64FA31A52B}
	EndGlobalSection
EndGlobal
